
Microsoft Visual Studio Solution File, Format Version 12.00
# Visual Studio Version 16
VisualStudioVersion = 16.0.31105.61
MinimumVisualStudioVersion = 10.0.40219.1
Project("{8BC9CEB8-8B4A-11D0-8D11-00A0C91BC942}") = "gas", "gas\gas.vcxproj", "{C1549054-D01B-4390-B120-595B6D99BAB9}"
EndProject
Project("{8BC9CEB8-8B4A-11D0-8D11-00A0C91BC942}") = "stock", "stock\stock.vcxproj", "{62000A33-01A6-4D32-A927-91BA052A2C82}"
EndProject
Project("{8BC9CEB8-8B4A-11D0-8D11-00A0C91BC942}") = "schedule", "schedule\schedule.vcxproj", "{9CC94DE0-DB3A-4EC8-BCD9-B01CE255C806}"
EndProject
Global
	GlobalSection(SolutionConfigurationPlatforms) = preSolution
		Debug|x64 = Debug|x64
		Debug|x86 = Debug|x86
		Release|x64 = Release|x64
		Release|x86 = Release|x86
	EndGlobalSection
	GlobalSection(ProjectConfigurationPlatforms) = postSolution
		{C1549054-D01B-4390-B120-595B6D99BAB9}.Debug|x64.ActiveCfg = Debug|x64
		{C1549054-D01B-4390-B120-595B6D99BAB9}.Debug|x64.Build.0 = Debug|x64
		{C1549054-D01B-4390-B120-595B6D99BAB9}.Debug|x86.ActiveCfg = Debug|Win32
		{C1549054-D01B-4390-B120-595B6D99BAB9}.Debug|x86.Build.0 = Debug|Win32
		{C1549054-D01B-4390-B120-595B6D99BAB9}.Release|x64.ActiveCfg = Release|x64
		{C1549054-D01B-4390-B120-595B6D99BAB9}.Release|x64.Build.0 = Release|x64
		{C1549054-D01B-4390-B120-595B6D99BAB9}.Release|x86.ActiveCfg = Release|Win32
		{C1549054-D01B-4390-B120-595B6D99BAB9}.Release|x86.Build.0 = Release|Win32
		{62000A33-01A6-4D32-A927-91BA052A2C82}.Debug|x64.ActiveCfg = Debug|x64
		{62000A33-01A6-4D32-A927-91BA052A2C82}.Debug|x64.Build.0 = Debug|x64
		{62000A33-01A6-4D32-A927-91BA052A2C82}.Debug|x86.ActiveCfg = Debug|Win32
		{62000A33-01A6-4D32-A927-91BA052A2C82}.Debug|x86.Build.0 = Debug|Win32
		{62000A33-01A6-4D32-A927-91BA052A2C82}.Release|x64.ActiveCfg = Release|x64
		{62000A33-01A6-4D32-A927-91BA052A2C82}.Release|x64.Build.0 = Release|x64
		{62000A33-01A6-4D32-A927-91BA052A2C82}.Release|x86.ActiveCfg = Release|Win32
		{62000A33-01A6-4D32-A927-91BA052A2C82}.Release|x86.Build.0 = Release|Win32
		{9CC94DE0-DB3A-4EC8-BCD9-B01CE255C806}.Debug|x64.ActiveCfg = Debug|x64
		{9CC94DE0-DB3A-4EC8-BCD9-B01CE255C806}.Debug|x64.Build.0 = Debug|x64
		{9CC94DE0-DB3A-4EC8-BCD9-B01CE255C806}.Debug|x86.ActiveCfg = Debug|Win32
		{9CC94DE0-DB3A-4EC8-BCD9-B01CE255C806}.Debug|x86.Build.0 = Debug|Win32
		{9CC94DE0-DB3A-4EC8-BCD9-B01CE255C806}.Release|x64.ActiveCfg = Release|x64
		{9CC94DE0-DB3A-4EC8-BCD9-B01CE255C806}.Release|x64.Build.0 = Release|x64
		{9CC94DE0-DB3A-4EC8-BCD9-B01CE255C806}.Release|x86.ActiveCfg = Release|Win32
		{9CC94DE0-DB3A-4EC8-BCD9-B01CE255C806}.Release|x86.Build.0 = Release|Win32
	EndGlobalSection
	GlobalSection(SolutionProperties) = preSolution
		HideSolutionNode = FALSE
	EndGlobalSection
	GlobalSection(ExtensibilityGlobals) = postSolution
		SolutionGuid = {F1EA4A48-D026-4507-9D52-F2F2BF07CCEA}
	EndGlobalSection
EndGlobal
